{
  "name": "backend",
  "version": "1.0.0",
  "lockfileVersion": 3,
  "requires": true,
  "packages": {
    "": {
      "name": "backend",
      "version": "1.0.0",
      "license": "ISC",
      "dependencies": {
        "@aptos-labs/ts-sdk": "^1.29.1",
        "dotenv": "^16.4.5",
        "node-modules": "^1.0.1",
        "tree-kill": "^1.2.2"
      }
    },
    "node_modules/@aptos-labs/aptos-cli": {
      "version": "0.2.0",
      "resolved": "https://registry.npmjs.org/@aptos-labs/aptos-cli/-/aptos-cli-0.2.0.tgz",
      "integrity": "sha512-6kljJFRsTLXCvgkNhBoOLhVyo7rmih+8+XAtdeciIXkZYwzwVS3TFPLMqBUO2HcY6gYtQQRmTG52R5ihyi/bXA==",
      "license": "ISC",
      "bin": {
        "aptos": "bin/aptos"
      }
    },
    "node_modules/@aptos-labs/aptos-client": {
      "version": "0.1.1",
      "resolved": "https://registry.npmjs.org/@aptos-labs/aptos-client/-/aptos-client-0.1.1.tgz",
      "integrity": "sha512-kJsoy4fAPTOhzVr7Vwq8s/AUg6BQiJDa7WOqRzev4zsuIS3+JCuIZ6vUd7UBsjnxtmguJJulMRs9qWCzVBt2XA==",
      "license": "Apache-2.0",
      "dependencies": {
        "axios": "1.7.4",
        "got": "^11.8.6"
      },
      "engines": {
        "node": ">=15.10.0"
      }
    },
    "node_modules/@aptos-labs/ts-sdk": {
      "version": "1.29.1",
      "resolved": "https://registry.npmjs.org/@aptos-labs/ts-sdk/-/ts-sdk-1.29.1.tgz",
      "integrity": "sha512-cQsXBTbSG5XzrulzEgSMc7BPUl6jw257b248nBDYkUv6tMHkWlxuFKF6F2l+6Z8/buNIQKNPZnaZKT26DjVKug==",
      "license": "Apache-2.0",
      "dependencies": {
        "@aptos-labs/aptos-cli": "^0.2.0",
        "@aptos-labs/aptos-client": "^0.1.1",
        "@noble/curves": "^1.4.0",
        "@noble/hashes": "^1.4.0",
        "@scure/bip32": "^1.4.0",
        "@scure/bip39": "^1.3.0",
        "eventemitter3": "^5.0.1",
        "form-data": "^4.0.0",
        "js-base64": "^3.7.7",
        "jwt-decode": "^4.0.0",
        "poseidon-lite": "^0.2.0"
      },
      "engines": {
        "node": ">=11.0.0"
      }
    },
    "node_modules/@aptos-labs/ts-sdk/node_modules/combined-stream": {
      "version": "1.0.8",
      "resolved": "https://registry.npmjs.org/combined-stream/-/combined-stream-1.0.8.tgz",
      "integrity": "sha512-FQN4MRfuJeHf7cBbBMJFXhKSDq+2kAArBlmRBvcvFE5BB1HZKXtSFASDhdlz9zOYwxh8lDdnvmMOe/+5cdoEdg==",
      "license": "MIT",
      "dependencies": {
        "delayed-stream": "~1.0.0"
      },
      "engines": {
        "node": ">= 0.8"
      }
    },
    "node_modules/@aptos-labs/ts-sdk/node_modules/delayed-stream": {
      "version": "1.0.0",
      "resolved": "https://registry.npmjs.org/delayed-stream/-/delayed-stream-1.0.0.tgz",
      "integrity": "sha512-ZySD7Nf91aLB0RxL4KGrKHBXl7Eds1DAmEdcoVawXnLD7SDhpNgtuII2aAkg7a7QS41jxPSZ17p4VdGnMHk3MQ==",
      "license": "MIT",
      "engines": {
        "node": ">=0.4.0"
      }
    },
    "node_modules/@aptos-labs/ts-sdk/node_modules/form-data": {
      "version": "4.0.1",
      "resolved": "https://registry.npmjs.org/form-data/-/form-data-4.0.1.tgz",
      "integrity": "sha512-tzN8e4TX8+kkxGPK8D5u0FNmjPUjw3lwC9lSLxxoB/+GtsJG91CO8bSWy73APlgAZzZbXEYZJuxjkHH2w+Ezhw==",
      "license": "MIT",
      "dependencies": {
        "asynckit": "^0.4.0",
        "combined-stream": "^1.0.8",
        "mime-types": "^2.1.12"
      },
      "engines": {
        "node": ">= 6"
      }
    },
    "node_modules/@noble/curves": {
      "version": "1.6.0",
      "resolved": "https://registry.npmjs.org/@noble/curves/-/curves-1.6.0.tgz",
      "integrity": "sha512-TlaHRXDehJuRNR9TfZDNQ45mMEd5dwUwmicsafcIX4SsNiqnCHKjE/1alYPd/lDRVhxdhUAlv8uEhMCI5zjIJQ==",
      "license": "MIT",
      "dependencies": {
        "@noble/hashes": "1.5.0"
      },
      "engines": {
        "node": "^14.21.3 || >=16"
      },
      "funding": {
        "url": "https://paulmillr.com/funding/"
      }
    },
    "node_modules/@noble/hashes": {
      "version": "1.5.0",
      "resolved": "https://registry.npmjs.org/@noble/hashes/-/hashes-1.5.0.tgz",
      "integrity": "sha512-1j6kQFb7QRru7eKN3ZDvRcP13rugwdxZqCjbiAVZfIJwgj2A65UmT4TgARXGlXgnRkORLTDTrO19ZErt7+QXgA==",
      "license": "MIT",
      "engines": {
        "node": "^14.21.3 || >=16"
      },
      "funding": {
        "url": "https://paulmillr.com/funding/"
      }
    },
    "node_modules/@scure/base": {
      "version": "1.1.9",
      "resolved": "https://registry.npmjs.org/@scure/base/-/base-1.1.9.tgz",
      "integrity": "sha512-8YKhl8GHiNI/pU2VMaofa2Tor7PJRAjwQLBBuilkJ9L5+13yVbC7JO/wS7piioAvPSwR3JKM1IJ/u4xQzbcXKg==",
      "license": "MIT",
      "funding": {
        "url": "https://paulmillr.com/funding/"
      }
    },
    "node_modules/@scure/bip32": {
      "version": "1.5.0",
      "resolved": "https://registry.npmjs.org/@scure/bip32/-/bip32-1.5.0.tgz",
      "integrity": "sha512-8EnFYkqEQdnkuGBVpCzKxyIwDCBLDVj3oiX0EKUFre/tOjL/Hqba1D6n/8RcmaQy4f95qQFrO2A8Sr6ybh4NRw==",
      "license": "MIT",
      "dependencies": {
        "@noble/curves": "~1.6.0",
        "@noble/hashes": "~1.5.0",
        "@scure/base": "~1.1.7"
      },
      "funding": {
        "url": "https://paulmillr.com/funding/"
      }
    },
    "node_modules/@scure/bip39": {
      "version": "1.4.0",
      "resolved": "https://registry.npmjs.org/@scure/bip39/-/bip39-1.4.0.tgz",
      "integrity": "sha512-BEEm6p8IueV/ZTfQLp/0vhw4NPnT9oWf5+28nvmeUICjP99f4vr2d+qc7AVGDDtwRep6ifR43Yed9ERVmiITzw==",
      "license": "MIT",
      "dependencies": {
        "@noble/hashes": "~1.5.0",
        "@scure/base": "~1.1.8"
      },
      "funding": {
        "url": "https://paulmillr.com/funding/"
      }
    },
    "node_modules/@sindresorhus/is": {
      "version": "4.6.0",
      "resolved": "https://registry.npmjs.org/@sindresorhus/is/-/is-4.6.0.tgz",
      "integrity": "sha512-t09vSN3MdfsyCHoFcTRCH/iUtG7OJ0CsjzB8cjAmKc/va/kIgeDI/TxsigdncE/4be734m0cvIYwNaV4i2XqAw==",
      "license": "MIT",
      "engines": {
        "node": ">=10"
      },
      "funding": {
        "url": "https://github.com/sindresorhus/is?sponsor=1"
      }
    },
    "node_modules/@szmarczak/http-timer": {
      "version": "4.0.6",
      "resolved": "https://registry.npmjs.org/@szmarczak/http-timer/-/http-timer-4.0.6.tgz",
      "integrity": "sha512-4BAffykYOgO+5nzBWYwE3W90sBgLJoUPRWWcL8wlyiM8IB8ipJz3UMJ9KXQd1RKQXpKp8Tutn80HZtWsu2u76w==",
      "license": "MIT",
      "dependencies": {
        "defer-to-connect": "^2.0.0"
      },
      "engines": {
        "node": ">=10"
      }
    },
    "node_modules/@types/cacheable-request": {
      "version": "6.0.3",
      "resolved": "https://registry.npmjs.org/@types/cacheable-request/-/cacheable-request-6.0.3.tgz",
      "integrity": "sha512-IQ3EbTzGxIigb1I3qPZc1rWJnH0BmSKv5QYTalEwweFvyBDLSAe24zP0le/hyi7ecGfZVlIVAg4BZqb8WBwKqw==",
      "license": "MIT",
      "dependencies": {
        "@types/http-cache-semantics": "*",
        "@types/keyv": "^3.1.4",
        "@types/node": "*",
        "@types/responselike": "^1.0.0"
      }
    },
    "node_modules/@types/http-cache-semantics": {
      "version": "4.0.4",
      "resolved": "https://registry.npmjs.org/@types/http-cache-semantics/-/http-cache-semantics-4.0.4.tgz",
      "integrity": "sha512-1m0bIFVc7eJWyve9S0RnuRgcQqF/Xd5QsUZAZeQFr1Q3/p9JWoQQEqmVy+DPTNpGXwhgIetAoYF8JSc33q29QA==",
      "license": "MIT"
    },
    "node_modules/@types/keyv": {
      "version": "3.1.4",
      "resolved": "https://registry.npmjs.org/@types/keyv/-/keyv-3.1.4.tgz",
      "integrity": "sha512-BQ5aZNSCpj7D6K2ksrRCTmKRLEpnPvWDiLPfoGyhZ++8YtiK9d/3DBKPJgry359X/P1PfruyYwvnvwFjuEiEIg==",
      "license": "MIT",
      "dependencies": {
        "@types/node": "*"
      }
    },
    "node_modules/@types/node": {
      "version": "22.7.5",
      "resolved": "https://registry.npmjs.org/@types/node/-/node-22.7.5.tgz",
      "integrity": "sha512-jML7s2NAzMWc//QSJ1a3prpk78cOPchGvXJsC3C6R6PSMoooztvRVQEz89gmBTBY1SPMaqo5teB4uNHPdetShQ==",
      "license": "MIT",
      "dependencies": {
        "undici-types": "~6.19.2"
      }
    },
    "node_modules/@types/responselike": {
      "version": "1.0.3",
      "resolved": "https://registry.npmjs.org/@types/responselike/-/responselike-1.0.3.tgz",
      "integrity": "sha512-H/+L+UkTV33uf49PH5pCAUBVPNj2nDBXTN+qS1dOwyyg24l3CcicicCA7ca+HMvJBZcFgl5r8e+RR6elsb4Lyw==",
      "license": "MIT",
      "dependencies": {
        "@types/node": "*"
      }
    },
    "node_modules/asn1": {
      "version": "0.1.11",
      "resolved": "https://registry.npmjs.org/asn1/-/asn1-0.1.11.tgz",
      "integrity": "sha512-Fh9zh3G2mZ8qM/kwsiKwL2U2FmXxVsboP4x1mXjnhKHv3SmzaBZoYvxEQJz/YS2gnCgd8xlAVWcZnQyC9qZBsA==",
      "engines": {
        "node": ">=0.4.9"
      }
    },
    "node_modules/assert-plus": {
      "version": "0.1.5",
      "resolved": "https://registry.npmjs.org/assert-plus/-/assert-plus-0.1.5.tgz",
      "integrity": "sha512-brU24g7ryhRwGCI2y+1dGQmQXiZF7TtIj583S96y0jjdajIe6wn8BuXyELYhvD22dtIxDQVFk04YTJwwdwOYJw==",
      "engines": {
        "node": ">=0.8"
      }
    },
    "node_modules/async": {
      "version": "0.9.2",
      "resolved": "https://registry.npmjs.org/async/-/async-0.9.2.tgz",
      "integrity": "sha512-l6ToIJIotphWahxxHyzK9bnLR6kM4jJIIgLShZeqLY7iboHoGkdgFl7W2/Ivi4SkMJYGKqW8vSuk0uKUj6qsSw==",
      "license": "MIT"
    },
    "node_modules/asynckit": {
      "version": "0.4.0",
      "resolved": "https://registry.npmjs.org/asynckit/-/asynckit-0.4.0.tgz",
      "integrity": "sha512-Oei9OH4tRh0YqU3GxhX79dM/mwVgvbZJaSNaRk+bshkj0S5cfHcgYakreBjrHwatXKbz+IoIdYLxrKim2MjW0Q==",
      "license": "MIT"
    },
    "node_modules/aws-sign": {
      "version": "0.3.0",
      "resolved": "https://registry.npmjs.org/aws-sign/-/aws-sign-0.3.0.tgz",
      "integrity": "sha512-pEMJAknifcXqXqYVXzGPIu8mJvxtJxIdpVpAs8HNS+paT+9srRUDMQn+3hULS7WbLmttcmvgMvnDcFujqXJyPw==",
      "engines": {
        "node": "*"
      }
    },
    "node_modules/axios": {
      "version": "1.7.4",
      "resolved": "https://registry.npmjs.org/axios/-/axios-1.7.4.tgz",
      "integrity": "sha512-DukmaFRnY6AzAALSH4J2M3k6PkaC+MfaAGdEERRWcC9q3/TWQwLpHR8ZRLKTdQ3aBDL64EdluRDjJqKw+BPZEw==",
      "license": "MIT",
      "dependencies": {
        "follow-redirects": "^1.15.6",
        "form-data": "^4.0.0",
        "proxy-from-env": "^1.1.0"
      }
    },
    "node_modules/axios/node_modules/combined-stream": {
      "version": "1.0.8",
      "resolved": "https://registry.npmjs.org/combined-stream/-/combined-stream-1.0.8.tgz",
      "integrity": "sha512-FQN4MRfuJeHf7cBbBMJFXhKSDq+2kAArBlmRBvcvFE5BB1HZKXtSFASDhdlz9zOYwxh8lDdnvmMOe/+5cdoEdg==",
      "license": "MIT",
      "dependencies": {
        "delayed-stream": "~1.0.0"
      },
      "engines": {
        "node": ">= 0.8"
      }
    },
    "node_modules/axios/node_modules/delayed-stream": {
      "version": "1.0.0",
      "resolved": "https://registry.npmjs.org/delayed-stream/-/delayed-stream-1.0.0.tgz",
      "integrity": "sha512-ZySD7Nf91aLB0RxL4KGrKHBXl7Eds1DAmEdcoVawXnLD7SDhpNgtuII2aAkg7a7QS41jxPSZ17p4VdGnMHk3MQ==",
      "license": "MIT",
      "engines": {
        "node": ">=0.4.0"
      }
    },
    "node_modules/axios/node_modules/form-data": {
      "version": "4.0.1",
      "resolved": "https://registry.npmjs.org/form-data/-/form-data-4.0.1.tgz",
      "integrity": "sha512-tzN8e4TX8+kkxGPK8D5u0FNmjPUjw3lwC9lSLxxoB/+GtsJG91CO8bSWy73APlgAZzZbXEYZJuxjkHH2w+Ezhw==",
      "license": "MIT",
      "dependencies": {
        "asynckit": "^0.4.0",
        "combined-stream": "^1.0.8",
        "mime-types": "^2.1.12"
      },
      "engines": {
        "node": ">= 6"
      }
    },
    "node_modules/boom": {
      "version": "0.4.2",
      "resolved": "https://registry.npmjs.org/boom/-/boom-0.4.2.tgz",
      "integrity": "sha512-OvfN8y1oAxxphzkl2SnCS+ztV/uVKTATtgLjWYg/7KwcNyf3rzpHxNQJZCKtsZd4+MteKczhWbSjtEX4bGgU9g==",
      "deprecated": "This version has been deprecated in accordance with the hapi support policy (hapi.im/support). Please upgrade to the latest version to get the best features, bug fixes, and security patches. If you are unable to upgrade at this time, paid support is available for older versions (hapi.im/commercial).",
      "dependencies": {
        "hoek": "0.9.x"
      },
      "engines": {
        "node": ">=0.8.0"
      }
    },
    "node_modules/cacheable-lookup": {
      "version": "5.0.4",
      "resolved": "https://registry.npmjs.org/cacheable-lookup/-/cacheable-lookup-5.0.4.tgz",
      "integrity": "sha512-2/kNscPhpcxrOigMZzbiWF7dz8ilhb/nIHU3EyZiXWXpeq/au8qJ8VhdftMkty3n7Gj6HIGalQG8oiBNB3AJgA==",
      "license": "MIT",
      "engines": {
        "node": ">=10.6.0"
      }
    },
    "node_modules/cacheable-request": {
      "version": "7.0.4",
      "resolved": "https://registry.npmjs.org/cacheable-request/-/cacheable-request-7.0.4.tgz",
      "integrity": "sha512-v+p6ongsrp0yTGbJXjgxPow2+DL93DASP4kXCDKb8/bwRtt9OEF3whggkkDkGNzgcWy2XaF4a8nZglC7uElscg==",
      "license": "MIT",
      "dependencies": {
        "clone-response": "^1.0.2",
        "get-stream": "^5.1.0",
        "http-cache-semantics": "^4.0.0",
        "keyv": "^4.0.0",
        "lowercase-keys": "^2.0.0",
        "normalize-url": "^6.0.1",
        "responselike": "^2.0.0"
      },
      "engines": {
        "node": ">=8"
      }
    },
    "node_modules/clone-response": {
      "version": "1.0.3",
      "resolved": "https://registry.npmjs.org/clone-response/-/clone-response-1.0.3.tgz",
      "integrity": "sha512-ROoL94jJH2dUVML2Y/5PEDNaSHgeOdSDicUyS7izcF63G6sTc/FTjLub4b8Il9S8S0beOfYt0TaA5qvFK+w0wA==",
      "license": "MIT",
      "dependencies": {
        "mimic-response": "^1.0.0"
      },
      "funding": {
        "url": "https://github.com/sponsors/sindresorhus"
      }
    },
    "node_modules/colors": {
      "version": "0.6.2",
      "resolved": "https://registry.npmjs.org/colors/-/colors-0.6.2.tgz",
      "integrity": "sha512-OsSVtHK8Ir8r3+Fxw/b4jS1ZLPXkV6ZxDRJQzeD7qo0SqMXWrHDM71DgYzPMHY8SFJ0Ao+nNU2p1MmwdzKqPrw==",
      "engines": {
        "node": ">=0.1.90"
      }
    },
    "node_modules/combined-stream": {
      "version": "0.0.7",
      "resolved": "https://registry.npmjs.org/combined-stream/-/combined-stream-0.0.7.tgz",
      "integrity": "sha512-qfexlmLp9MyrkajQVyjEDb0Vj+KhRgR/rxLiVhaihlT+ZkX0lReqtH6Ack40CvMDERR4b5eFp3CreskpBs1Pig==",
      "dependencies": {
        "delayed-stream": "0.0.5"
      },
      "engines": {
        "node": ">= 0.8"
      }
    },
    "node_modules/cookie-jar": {
      "version": "0.3.0",
      "resolved": "https://registry.npmjs.org/cookie-jar/-/cookie-jar-0.3.0.tgz",
      "integrity": "sha512-dX1400pzPULr+ZovkIsDEqe7XH8xCAYGT5Dege4Eot44Qs2mS2iJmnh45TxTO5MIsCfrV/JGZVloLhm46AHxNw==",
      "engines": {
        "node": "*"
      }
    },
    "node_modules/core-util-is": {
      "version": "1.0.3",
      "resolved": "https://registry.npmjs.org/core-util-is/-/core-util-is-1.0.3.tgz",
      "integrity": "sha512-ZQBvi1DcpJ4GDqanjucZ2Hj3wEO5pZDS89BWbkcrvdxksJorwUDDZamX9ldFkp9aw2lmBDLgkObEA4DWNJ9FYQ==",
      "license": "MIT"
    },
    "node_modules/cryptiles": {
      "version": "0.2.2",
      "resolved": "https://registry.npmjs.org/cryptiles/-/cryptiles-0.2.2.tgz",
      "integrity": "sha512-gvWSbgqP+569DdslUiCelxIv3IYK5Lgmq1UrRnk+s1WxQOQ16j3GPDcjdtgL5Au65DU/xQi6q3xPtf5Kta+3IQ==",
      "deprecated": "This version has been deprecated in accordance with the hapi support policy (hapi.im/support). Please upgrade to the latest version to get the best features, bug fixes, and security patches. If you are unable to upgrade at this time, paid support is available for older versions (hapi.im/commercial).",
      "dependencies": {
        "boom": "0.4.x"
      },
      "engines": {
        "node": ">=0.8.0"
      }
    },
    "node_modules/ctype": {
      "version": "0.5.3",
      "resolved": "https://registry.npmjs.org/ctype/-/ctype-0.5.3.tgz",
      "integrity": "sha512-T6CEkoSV4q50zW3TlTHMbzy1E5+zlnNcY+yb7tWVYlTwPhx9LpnfAkd4wecpWknDyptp4k97LUZeInlf6jdzBg==",
      "engines": {
        "node": ">= 0.4"
      }
    },
    "node_modules/decompress-response": {
      "version": "6.0.0",
      "resolved": "https://registry.npmjs.org/decompress-response/-/decompress-response-6.0.0.tgz",
      "integrity": "sha512-aW35yZM6Bb/4oJlZncMH2LCoZtJXTRxES17vE3hoRiowU2kWHaJKFkSBDnDR+cm9J+9QhXmREyIfv0pji9ejCQ==",
      "license": "MIT",
      "dependencies": {
        "mimic-response": "^3.1.0"
      },
      "engines": {
        "node": ">=10"
      },
      "funding": {
        "url": "https://github.com/sponsors/sindresorhus"
      }
    },
    "node_modules/decompress-response/node_modules/mimic-response": {
      "version": "3.1.0",
      "resolved": "https://registry.npmjs.org/mimic-response/-/mimic-response-3.1.0.tgz",
      "integrity": "sha512-z0yWI+4FDrrweS8Zmt4Ej5HdJmky15+L2e6Wgn3+iK5fWzb6T3fhNFq2+MeTRb064c6Wr4N/wv0DzQTjNzHNGQ==",
      "license": "MIT",
      "engines": {
        "node": ">=10"
      },
      "funding": {
        "url": "https://github.com/sponsors/sindresorhus"
      }
    },
    "node_modules/defer-to-connect": {
      "version": "2.0.1",
      "resolved": "https://registry.npmjs.org/defer-to-connect/-/defer-to-connect-2.0.1.tgz",
      "integrity": "sha512-4tvttepXG1VaYGrRibk5EwJd1t4udunSOVMdLSAL6mId1ix438oPwPZMALY41FCijukO1L0twNcGsdzS7dHgDg==",
      "license": "MIT",
      "engines": {
        "node": ">=10"
      }
    },
    "node_modules/delayed-stream": {
      "version": "0.0.5",
      "resolved": "https://registry.npmjs.org/delayed-stream/-/delayed-stream-0.0.5.tgz",
      "integrity": "sha512-v+7uBd1pqe5YtgPacIIbZ8HuHeLFVNe4mUEyFDXL6KiqzEykjbw+5mXZXpGFgNVasdL4jWKgaKIXrEHiynN1LA==",
      "engines": {
        "node": ">=0.4.0"
      }
    },
    "node_modules/dotenv": {
      "version": "16.4.5",
      "resolved": "https://registry.npmjs.org/dotenv/-/dotenv-16.4.5.tgz",
      "integrity": "sha512-ZmdL2rui+eB2YwhsWzjInR8LldtZHGDoQ1ugH85ppHKwpUHL7j7rN0Ti9NCnGiQbhaZ11FpR+7ao1dNsmduNUg==",
      "license": "BSD-2-Clause",
      "engines": {
        "node": ">=12"
      },
      "funding": {
        "url": "https://dotenvx.com"
      }
    },
    "node_modules/end-of-stream": {
      "version": "1.4.4",
      "resolved": "https://registry.npmjs.org/end-of-stream/-/end-of-stream-1.4.4.tgz",
      "integrity": "sha512-+uw1inIHVPQoaVuHzRyXd21icM+cnt4CzD5rW+NC1wjOUSTOs+Te7FOv7AhN7vS9x/oIyhLP5PR1H+phQAHu5Q==",
      "license": "MIT",
      "dependencies": {
        "once": "^1.4.0"
      }
    },
    "node_modules/eventemitter3": {
      "version": "5.0.1",
      "resolved": "https://registry.npmjs.org/eventemitter3/-/eventemitter3-5.0.1.tgz",
      "integrity": "sha512-GWkBvjiSZK87ELrYOSESUYeVIc9mvLLf/nXalMOS5dYrgZq9o5OVkbZAVM06CVxYsCwH9BDZFPlQTlPA1j4ahA==",
      "license": "MIT"
    },
    "node_modules/follow-redirects": {
      "version": "1.15.9",
      "resolved": "https://registry.npmjs.org/follow-redirects/-/follow-redirects-1.15.9.tgz",
      "integrity": "sha512-gew4GsXizNgdoRyqmyfMHyAmXsZDk6mHkSxZFCzW9gwlbtOW44CDtYavM+y+72qD/Vq2l550kMF52DT8fOLJqQ==",
      "funding": [
        {
          "type": "individual",
          "url": "https://github.com/sponsors/RubenVerborgh"
        }
      ],
      "license": "MIT",
      "engines": {
        "node": ">=4.0"
      },
      "peerDependenciesMeta": {
        "debug": {
          "optional": true
        }
      }
    },
    "node_modules/foreach": {
      "version": "2.0.6",
      "resolved": "https://registry.npmjs.org/foreach/-/foreach-2.0.6.tgz",
      "integrity": "sha512-k6GAGDyqLe9JaebCsFCoudPPWfihKu8pylYXRlqP1J7ms39iPoTtk2fviNglIeQEwdh0bQeKJ01ZPyuyQvKzwg==",
      "license": "MIT"
    },
    "node_modules/forever-agent": {
      "version": "0.5.2",
      "resolved": "https://registry.npmjs.org/forever-agent/-/forever-agent-0.5.2.tgz",
      "integrity": "sha512-PDG5Ef0Dob/JsZUxUltJOhm/Y9mlteAE+46y3M9RBz/Rd3QVENJ75aGRhN56yekTUboaBIkd8KVWX2NjF6+91A==",
      "engines": {
        "node": "*"
      }
    },
    "node_modules/form-data": {
      "version": "0.1.4",
      "resolved": "https://registry.npmjs.org/form-data/-/form-data-0.1.4.tgz",
      "integrity": "sha512-x8eE+nzFtAMA0YYlSxf/Qhq6vP1f8wSoZ7Aw1GuctBcmudCNuTUmmx45TfEplyb6cjsZO/jvh6+1VpZn24ez+w==",
      "dependencies": {
        "async": "~0.9.0",
        "combined-stream": "~0.0.4",
        "mime": "~1.2.11"
      },
      "engines": {
        "node": ">= 0.8"
      }
    },
    "node_modules/get-stream": {
      "version": "5.2.0",
      "resolved": "https://registry.npmjs.org/get-stream/-/get-stream-5.2.0.tgz",
      "integrity": "sha512-nBF+F1rAZVCu/p7rjzgA+Yb4lfYXrpl7a6VmJrU8wF9I1CKvP/QwPNZHnOlwbTkY6dvtFIzFMSyQXbLoTQPRpA==",
      "license": "MIT",
      "dependencies": {
        "pump": "^3.0.0"
      },
      "engines": {
        "node": ">=8"
      },
      "funding": {
        "url": "https://github.com/sponsors/sindresorhus"
      }
    },
    "node_modules/got": {
      "version": "11.8.6",
      "resolved": "https://registry.npmjs.org/got/-/got-11.8.6.tgz",
      "integrity": "sha512-6tfZ91bOr7bOXnK7PRDCGBLa1H4U080YHNaAQ2KsMGlLEzRbk44nsZF2E1IeRc3vtJHPVbKCYgdFbaGO2ljd8g==",
      "license": "MIT",
      "dependencies": {
        "@sindresorhus/is": "^4.0.0",
        "@szmarczak/http-timer": "^4.0.5",
        "@types/cacheable-request": "^6.0.1",
        "@types/responselike": "^1.0.0",
        "cacheable-lookup": "^5.0.3",
        "cacheable-request": "^7.0.2",
        "decompress-response": "^6.0.0",
        "http2-wrapper": "^1.0.0-beta.5.2",
        "lowercase-keys": "^2.0.0",
        "p-cancelable": "^2.0.0",
        "responselike": "^2.0.0"
      },
      "engines": {
        "node": ">=10.19.0"
      },
      "funding": {
        "url": "https://github.com/sindresorhus/got?sponsor=1"
      }
    },
    "node_modules/hawk": {
      "version": "1.0.0",
      "resolved": "https://registry.npmjs.org/hawk/-/hawk-1.0.0.tgz",
      "integrity": "sha512-Sg+VzrI7TjUomO0rjD6UXawsj50ykn5sB/xKNW/IenxzRVyw/wt9A2FLzYpGL/r0QG5hyXY8nLx/2m8UutoDcg==",
      "deprecated": "This module moved to @hapi/hawk. Please make sure to switch over as this distribution is no longer supported and may contain bugs and critical security issues.",
      "dependencies": {
        "boom": "0.4.x",
        "cryptiles": "0.2.x",
        "hoek": "0.9.x",
        "sntp": "0.2.x"
      },
      "engines": {
        "node": ">=0.8.0"
      }
    },
    "node_modules/hoek": {
      "version": "0.9.1",
      "resolved": "https://registry.npmjs.org/hoek/-/hoek-0.9.1.tgz",
      "integrity": "sha512-ZZ6eGyzGjyMTmpSPYVECXy9uNfqBR7x5CavhUaLOeD6W0vWK1mp/b7O3f86XE0Mtfo9rZ6Bh3fnuw9Xr8MF9zA==",
      "deprecated": "This version has been deprecated in accordance with the hapi support policy (hapi.im/support). Please upgrade to the latest version to get the best features, bug fixes, and security patches. If you are unable to upgrade at this time, paid support is available for older versions (hapi.im/commercial).",
      "engines": {
        "node": ">=0.8.0"
      }
    },
    "node_modules/http-cache-semantics": {
      "version": "4.1.1",
      "resolved": "https://registry.npmjs.org/http-cache-semantics/-/http-cache-semantics-4.1.1.tgz",
      "integrity": "sha512-er295DKPVsV82j5kw1Gjt+ADA/XYHsajl82cGNQG2eyoPkvgUhX+nDIyelzhIWbbsXP39EHcI6l5tYs2FYqYXQ==",
      "license": "BSD-2-Clause"
    },
    "node_modules/http-signature": {
      "version": "0.10.1",
      "resolved": "https://registry.npmjs.org/http-signature/-/http-signature-0.10.1.tgz",
      "integrity": "sha512-coK8uR5rq2IMj+Hen+sKPA5ldgbCc1/spPdKCL1Fw6h+D0s/2LzMcRK0Cqufs1h0ryx/niwBHGFu8HC3hwU+lA==",
      "license": "MIT",
      "dependencies": {
        "asn1": "0.1.11",
        "assert-plus": "^0.1.5",
        "ctype": "0.5.3"
      },
      "engines": {
        "node": ">=0.8"
      }
    },
    "node_modules/http2-wrapper": {
      "version": "1.0.3",
      "resolved": "https://registry.npmjs.org/http2-wrapper/-/http2-wrapper-1.0.3.tgz",
      "integrity": "sha512-V+23sDMr12Wnz7iTcDeJr3O6AIxlnvT/bmaAAAP/Xda35C90p9599p0F1eHR/N1KILWSoWVAiOMFjBBXaXSMxg==",
      "license": "MIT",
      "dependencies": {
        "quick-lru": "^5.1.1",
        "resolve-alpn": "^1.0.0"
      },
      "engines": {
        "node": ">=10.19.0"
      }
    },
    "node_modules/indexof": {
      "version": "0.0.1",
      "resolved": "https://registry.npmjs.org/indexof/-/indexof-0.0.1.tgz",
      "integrity": "sha512-i0G7hLJ1z0DE8dsqJa2rycj9dBmNKgXBvotXtZYXakU9oivfB9Uj2ZBC27qqef2U58/ZLwalxa1X/RDCdkHtVg=="
    },
    "node_modules/inherits": {
      "version": "2.0.4",
      "resolved": "https://registry.npmjs.org/inherits/-/inherits-2.0.4.tgz",
      "integrity": "sha512-k/vGaX4/Yla3WzyMCvTQOXYeIHvqOKtnqBduzTHpzpQZzAskKMhZ2K+EnBiSM9zGSoIFeMpXKxa4dYeZIQqewQ==",
      "license": "ISC"
    },
    "node_modules/is": {
      "version": "0.2.7",
      "resolved": "https://registry.npmjs.org/is/-/is-0.2.7.tgz",
      "integrity": "sha512-ajQCouIvkcSnl2iRdK70Jug9mohIHVX9uKpoWnl115ov0R5mzBvRrXxrnHbsA+8AdwCwc/sfw7HXmd4I5EJBdQ==",
      "engines": {
        "node": "*"
      }
    },
    "node_modules/is-object": {
      "version": "0.1.2",
      "resolved": "https://registry.npmjs.org/is-object/-/is-object-0.1.2.tgz",
      "integrity": "sha512-GkfZZlIZtpkFrqyAXPQSRBMsaHAw+CgoKe2HXAkjd/sfoI9+hS8PT4wg2rJxdQyUKr7N2vHJbg7/jQtE5l5vBQ=="
    },
    "node_modules/isarray": {
      "version": "0.0.1",
      "resolved": "https://registry.npmjs.org/isarray/-/isarray-0.0.1.tgz",
      "integrity": "sha512-D2S+3GLxWH+uhrNEcoh/fnmYeP8E8/zHl644d/jdA0g2uyXvy3sb0qxotE+ne0LtccHknQzWwZEzhak7oJ0COQ==",
      "license": "MIT"
    },
    "node_modules/js-base64": {
      "version": "3.7.7",
      "resolved": "https://registry.npmjs.org/js-base64/-/js-base64-3.7.7.tgz",
      "integrity": "sha512-7rCnleh0z2CkXhH67J8K1Ytz0b2Y+yxTPL+/KOJoa20hfnVQ/3/T6W/KflYI4bRHRagNeXeU2bkNGI3v1oS/lw==",
      "license": "BSD-3-Clause"
    },
    "node_modules/json-buffer": {
      "version": "3.0.1",
      "resolved": "https://registry.npmjs.org/json-buffer/-/json-buffer-3.0.1.tgz",
      "integrity": "sha512-4bV5BfR2mqfQTJm+V5tPPdf+ZpuhiIvTuAB5g8kcrXOZpTT/QwwVRWBywX1ozr6lEuPdbHxwaJlm9G6mI2sfSQ==",
      "license": "MIT"
    },
    "node_modules/json-stringify-safe": {
      "version": "5.0.1",
      "resolved": "https://registry.npmjs.org/json-stringify-safe/-/json-stringify-safe-5.0.1.tgz",
      "integrity": "sha512-ZClg6AaYvamvYEE82d3Iyd3vSSIjQ+odgjaTzRuO3s7toCdFKczob2i0zCh7JE8kWn17yvAWhUVxvqGwUalsRA==",
      "license": "ISC"
    },
    "node_modules/jwt-decode": {
      "version": "4.0.0",
      "resolved": "https://registry.npmjs.org/jwt-decode/-/jwt-decode-4.0.0.tgz",
      "integrity": "sha512-+KJGIyHgkGuIq3IEBNftfhW/LfWhXUIY6OmyVWjliu5KH1y0fw7VQ8YndE2O4qZdMSd9SqbnC8GOcZEy0Om7sA==",
      "license": "MIT",
      "engines": {
        "node": ">=18"
      }
    },
    "node_modules/keyv": {
      "version": "4.5.4",
      "resolved": "https://registry.npmjs.org/keyv/-/keyv-4.5.4.tgz",
      "integrity": "sha512-oxVHkHR/EJf2CNXnWxRLW6mg7JyCCUcG0DtEGmL2ctUo1PNTin1PUil+r/+4r5MpVgC/fn1kjsx7mjSujKqIpw==",
      "license": "MIT",
      "dependencies": {
        "json-buffer": "3.0.1"
      }
    },
    "node_modules/lowercase-keys": {
      "version": "2.0.0",
      "resolved": "https://registry.npmjs.org/lowercase-keys/-/lowercase-keys-2.0.0.tgz",
      "integrity": "sha512-tqNXrS78oMOE73NMxK4EMLQsQowWf8jKooH9g7xPavRT706R6bkQJ6DY2Te7QukaZsulxa30wQ7bk0pm4XiHmA==",
      "license": "MIT",
      "engines": {
        "node": ">=8"
      }
    },
    "node_modules/mime": {
      "version": "1.2.11",
      "resolved": "https://registry.npmjs.org/mime/-/mime-1.2.11.tgz",
      "integrity": "sha512-Ysa2F/nqTNGHhhm9MV8ure4+Hc+Y8AWiqUdHxsO7xu8zc92ND9f3kpALHjaP026Ft17UfxrMt95c50PLUeynBw=="
    },
    "node_modules/mime-db": {
      "version": "1.52.0",
      "resolved": "https://registry.npmjs.org/mime-db/-/mime-db-1.52.0.tgz",
      "integrity": "sha512-sPU4uV7dYlvtWJxwwxHD0PuihVNiE7TyAbQ5SWxDCB9mUYvOgroQOwYQQOKPJ8CIbE+1ETVlOoK1UC2nU3gYvg==",
      "license": "MIT",
      "engines": {
        "node": ">= 0.6"
      }
    },
    "node_modules/mime-types": {
      "version": "2.1.35",
      "resolved": "https://registry.npmjs.org/mime-types/-/mime-types-2.1.35.tgz",
      "integrity": "sha512-ZDY+bPm5zTTF+YpCrAU9nK0UgICYPT0QtT1NZWFv4s++TNkcgVaT0g6+4R2uI4MjQjzysHB1zxuWL50hzaeXiw==",
      "license": "MIT",
      "dependencies": {
        "mime-db": "1.52.0"
      },
      "engines": {
        "node": ">= 0.6"
      }
    },
    "node_modules/mimic-response": {
      "version": "1.0.1",
      "resolved": "https://registry.npmjs.org/mimic-response/-/mimic-response-1.0.1.tgz",
      "integrity": "sha512-j5EctnkH7amfV/q5Hgmoal1g2QHFJRraOtmx0JpIqkxhBhI/lJSl1nMpQ45hVarwNETOoWEimndZ4QK0RHxuxQ==",
      "license": "MIT",
      "engines": {
        "node": ">=4"
      }
    },
    "node_modules/minimist": {
      "version": "0.0.10",
      "resolved": "https://registry.npmjs.org/minimist/-/minimist-0.0.10.tgz",
      "integrity": "sha512-iotkTvxc+TwOm5Ieim8VnSNvCDjCK9S8G3scJ50ZthspSxa7jx50jkhYduuAtAjvfDUwSgOwf8+If99AlOEhyw==",
      "license": "MIT"
    },
    "node_modules/node-modules": {
      "version": "1.0.1",
      "resolved": "https://registry.npmjs.org/node-modules/-/node-modules-1.0.1.tgz",
      "integrity": "sha512-jbUo320kIm2QxI9hA0mtVqet/SE91udPLOI4FgEumJLPva93T3U7CdiwH8+2E1lfiG0Y+Hd8U/NmF4EToYGZsg==",
      "dependencies": {
        "colors": "~0.6.2",
        "optimist": "~0.6.0",
        "osenv": "0.0.3",
        "request": "~2.27.0",
        "stream-wrapper": "~0.1.2"
      },
      "bin": {
        "node-modules": "app.js"
      }
    },
    "node_modules/node-uuid": {
      "version": "1.4.8",
      "resolved": "https://registry.npmjs.org/node-uuid/-/node-uuid-1.4.8.tgz",
      "integrity": "sha512-TkCET/3rr9mUuRp+CpO7qfgT++aAxfDRaalQhwPFzI9BY/2rCDn6OfpZOVggi1AXfTPpfkTrg5f5WQx5G1uLxA==",
      "deprecated": "Use uuid module instead",
      "bin": {
        "uuid": "bin/uuid"
      }
    },
    "node_modules/normalize-url": {
      "version": "6.1.0",
      "resolved": "https://registry.npmjs.org/normalize-url/-/normalize-url-6.1.0.tgz",
      "integrity": "sha512-DlL+XwOy3NxAQ8xuC0okPgK46iuVNAK01YN7RueYBqqFeGsBjV9XmCAzAdgt+667bCl5kPh9EqKKDwnaPG1I7A==",
      "license": "MIT",
      "engines": {
        "node": ">=10"
      },
      "funding": {
        "url": "https://github.com/sponsors/sindresorhus"
      }
    },
    "node_modules/oauth-sign": {
      "version": "0.3.0",
      "resolved": "https://registry.npmjs.org/oauth-sign/-/oauth-sign-0.3.0.tgz",
      "integrity": "sha512-Tr31Sh5FnK9YKm7xTUPyDMsNOvMqkVDND0zvK/Wgj7/H9q8mpye0qG2nVzrnsvLhcsX5DtqXD0la0ks6rkPCGQ==",
      "engines": {
        "node": "*"
      }
    },
    "node_modules/object-keys": {
      "version": "0.2.0",
      "resolved": "https://registry.npmjs.org/object-keys/-/object-keys-0.2.0.tgz",
      "integrity": "sha512-XODjdR2pBh/1qrjPcbSeSgEtKbYo7LqYNq64/TPuCf7j9SfDD3i21yatKoIy39yIWNvVM59iutfQQpCv1RfFzA==",
      "deprecated": "Please update to the latest object-keys",
      "license": "MIT",
      "dependencies": {
        "foreach": "~2.0.1",
        "indexof": "~0.0.1",
        "is": "~0.2.6"
      }
    },
    "node_modules/once": {
      "version": "1.4.0",
      "resolved": "https://registry.npmjs.org/once/-/once-1.4.0.tgz",
      "integrity": "sha512-lNaJgI+2Q5URQBkccEKHTQOPaXdUxnZZElQTZY0MFUAuaEqe1E+Nyvgdz/aIyNi6Z9MzO5dv1H8n58/GELp3+w==",
      "license": "ISC",
      "dependencies": {
        "wrappy": "1"
      }
    },
    "node_modules/optimist": {
      "version": "0.6.1",
      "resolved": "https://registry.npmjs.org/optimist/-/optimist-0.6.1.tgz",
      "integrity": "sha512-snN4O4TkigujZphWLN0E//nQmm7790RYaE53DdL7ZYwee2D8DDo9/EyYiKUfN3rneWUjhJnueija3G9I2i0h3g==",
      "license": "MIT/X11",
      "dependencies": {
        "minimist": "~0.0.1",
        "wordwrap": "~0.0.2"
      }
    },
    "node_modules/osenv": {
      "version": "0.0.3",
      "resolved": "https://registry.npmjs.org/osenv/-/osenv-0.0.3.tgz",
      "integrity": "sha512-VBk1bfdaO4gh3OWO8LBuDY2alp0buL8YzQ6t13xyc8PQPrnUg5AgQvINQx3UkS4dom8UGCL597q4Y2+M4TPvmw==",
      "deprecated": "This package is no longer supported.",
      "license": "BSD"
    },
    "node_modules/p-cancelable": {
      "version": "2.1.1",
      "resolved": "https://registry.npmjs.org/p-cancelable/-/p-cancelable-2.1.1.tgz",
      "integrity": "sha512-BZOr3nRQHOntUjTrH8+Lh54smKHoHyur8We1V8DSMVrl5A2malOOwuJRnKRDjSnkoeBh4at6BwEnb5I7Jl31wg==",
      "license": "MIT",
      "engines": {
        "node": ">=8"
      }
    },
    "node_modules/poseidon-lite": {
      "version": "0.2.1",
      "resolved": "https://registry.npmjs.org/poseidon-lite/-/poseidon-lite-0.2.1.tgz",
      "integrity": "sha512-xIr+G6HeYfOhCuswdqcFpSX47SPhm0EpisWJ6h7fHlWwaVIvH3dLnejpatrtw6Xc6HaLrpq05y7VRfvDmDGIog==",
      "license": "MIT"
    },
    "node_modules/proxy-from-env": {
      "version": "1.1.0",
      "resolved": "https://registry.npmjs.org/proxy-from-env/-/proxy-from-env-1.1.0.tgz",
      "integrity": "sha512-D+zkORCbA9f1tdWRK0RaCR3GPv50cMxcrz4X8k5LTSUD1Dkw47mKJEZQNunItRTkWwgtaUSo1RVFRIG9ZXiFYg==",
      "license": "MIT"
    },
    "node_modules/pump": {
      "version": "3.0.2",
      "resolved": "https://registry.npmjs.org/pump/-/pump-3.0.2.tgz",
      "integrity": "sha512-tUPXtzlGM8FE3P0ZL6DVs/3P58k9nk8/jZeQCurTJylQA8qFYzHFfhBJkuqyE0FifOsQ0uKWekiZ5g8wtr28cw==",
      "license": "MIT",
      "dependencies": {
        "end-of-stream": "^1.1.0",
        "once": "^1.3.1"
      }
    },
    "node_modules/qs": {
      "version": "0.6.6",
      "resolved": "https://registry.npmjs.org/qs/-/qs-0.6.6.tgz",
      "integrity": "sha512-kN+yNdAf29Jgp+AYHUmC7X4QdJPR8czuMWLNLc0aRxkQ7tB3vJQEONKKT9ou/rW7EbqVec11srC9q9BiVbcnHA==",
      "engines": {
        "node": "*"
      }
    },
    "node_modules/quick-lru": {
      "version": "5.1.1",
      "resolved": "https://registry.npmjs.org/quick-lru/-/quick-lru-5.1.1.tgz",
      "integrity": "sha512-WuyALRjWPDGtt/wzJiadO5AXY+8hZ80hVpe6MyivgraREW751X3SbhRvG3eLKOYN+8VEvqLcf3wdnt44Z4S4SA==",
      "license": "MIT",
      "engines": {
        "node": ">=10"
      },
      "funding": {
        "url": "https://github.com/sponsors/sindresorhus"
      }
    },
    "node_modules/readable-stream": {
      "version": "1.0.34",
      "resolved": "https://registry.npmjs.org/readable-stream/-/readable-stream-1.0.34.tgz",
      "integrity": "sha512-ok1qVCJuRkNmvebYikljxJA/UEsKwLl2nI1OmaqAu4/UE+h0wKCHok4XkL/gvi39OacXvw59RJUOFUkDib2rHg==",
      "license": "MIT",
      "dependencies": {
        "core-util-is": "~1.0.0",
        "inherits": "~2.0.1",
        "isarray": "0.0.1",
        "string_decoder": "~0.10.x"
      }
    },
    "node_modules/request": {
      "version": "2.27.0",
      "resolved": "https://registry.npmjs.org/request/-/request-2.27.0.tgz",
      "integrity": "sha512-V4AYOEmdUrf0X+CVF2hndyMzIeQ8G7LB45HER/rXZYEwNVI3QFGgLPLafQLHjqtG/ggzHEMb66Ng5IemksixsQ==",
      "deprecated": "request has been deprecated, see https://github.com/request/request/issues/3142",
      "engines": [
        "node >= 0.8.0"
      ],
      "dependencies": {
        "aws-sign": "~0.3.0",
        "cookie-jar": "~0.3.0",
        "forever-agent": "~0.5.0",
        "form-data": "~0.1.0",
        "hawk": "~1.0.0",
        "http-signature": "~0.10.0",
        "json-stringify-safe": "~5.0.0",
        "mime": "~1.2.9",
        "node-uuid": "~1.4.0",
        "oauth-sign": "~0.3.0",
        "qs": "~0.6.0",
        "tunnel-agent": "~0.3.0"
      }
    },
    "node_modules/resolve-alpn": {
      "version": "1.2.1",
      "resolved": "https://registry.npmjs.org/resolve-alpn/-/resolve-alpn-1.2.1.tgz",
      "integrity": "sha512-0a1F4l73/ZFZOakJnQ3FvkJ2+gSTQWz/r2KE5OdDY0TxPm5h4GkqkWWfM47T7HsbnOtcJVEF4epCVy6u7Q3K+g==",
      "license": "MIT"
    },
    "node_modules/responselike": {
      "version": "2.0.1",
      "resolved": "https://registry.npmjs.org/responselike/-/responselike-2.0.1.tgz",
      "integrity": "sha512-4gl03wn3hj1HP3yzgdI7d3lCkF95F21Pz4BPGvKHinyQzALR5CapwC8yIi0Rh58DEMQ/SguC03wFj2k0M/mHhw==",
      "license": "MIT",
      "dependencies": {
        "lowercase-keys": "^2.0.0"
      },
      "funding": {
        "url": "https://github.com/sponsors/sindresorhus"
      }
    },
    "node_modules/sntp": {
      "version": "0.2.4",
      "resolved": "https://registry.npmjs.org/sntp/-/sntp-0.2.4.tgz",
      "integrity": "sha512-bDLrKa/ywz65gCl+LmOiIhteP1bhEsAAzhfMedPoiHP3dyYnAevlaJshdqb9Yu0sRifyP/fRqSt8t+5qGIWlGQ==",
      "deprecated": "This module moved to @hapi/sntp. Please make sure to switch over as this distribution is no longer supported and may contain bugs and critical security issues.",
      "dependencies": {
        "hoek": "0.9.x"
      },
      "engines": {
        "node": ">=0.8.0"
      }
    },
    "node_modules/stream-wrapper": {
      "version": "0.1.2",
      "resolved": "https://registry.npmjs.org/stream-wrapper/-/stream-wrapper-0.1.2.tgz",
      "integrity": "sha512-HWJtwMXK6b7OTtR+kr20er0J5TNXpAezaTqobuHxPZJc24jIIbzgt339ztajJ6wHGEeV7oeTDZZLmwDzzSPLqg==",
      "license": "MIT",
      "dependencies": {
        "readable-stream": "~1.0.15",
        "xtend": "~2.0.6"
      }
    },
    "node_modules/string_decoder": {
      "version": "0.10.31",
      "resolved": "https://registry.npmjs.org/string_decoder/-/string_decoder-0.10.31.tgz",
      "integrity": "sha512-ev2QzSzWPYmy9GuqfIVildA4OdcGLeFZQrq5ys6RtiuF+RQQiZWr8TZNyAcuVXyQRYfEO+MsoB/1BuQVhOJuoQ==",
      "license": "MIT"
    },
    "node_modules/tree-kill": {
      "version": "1.2.2",
      "resolved": "https://registry.npmjs.org/tree-kill/-/tree-kill-1.2.2.tgz",
      "integrity": "sha512-L0Orpi8qGpRG//Nd+H90vFB+3iHnue1zSSGmNOOCh1GLJ7rUKVwV2HvijphGQS2UmhUZewS9VgvxYIdgr+fG1A==",
      "license": "MIT",
      "bin": {
        "tree-kill": "cli.js"
      }
    },
    "node_modules/tunnel-agent": {
      "version": "0.3.0",
      "resolved": "https://registry.npmjs.org/tunnel-agent/-/tunnel-agent-0.3.0.tgz",
      "integrity": "sha512-jlGqHGoKzyyjhwv/c9omAgohntThMcGtw8RV/RDLlkbbc08kni/akVxO62N8HaXMVbVsK1NCnpSK3N2xCt22ww==",
      "engines": {
        "node": "*"
      }
    },
    "node_modules/undici-types": {
      "version": "6.19.8",
      "resolved": "https://registry.npmjs.org/undici-types/-/undici-types-6.19.8.tgz",
      "integrity": "sha512-ve2KP6f/JnbPBFyobGHuerC9g1FYGn/F8n1LWTwNxCEzd6IfqTwUQcNXgEtmmQ6DlRrC1hrSrBnCZPokRrDHjw==",
      "license": "MIT"
    },
    "node_modules/wordwrap": {
      "version": "0.0.3",
      "resolved": "https://registry.npmjs.org/wordwrap/-/wordwrap-0.0.3.tgz",
      "integrity": "sha512-1tMA907+V4QmxV7dbRvb4/8MaRALK6q9Abid3ndMYnbyo8piisCmeONVqVSXqQA3KaP4SLt5b7ud6E2sqP8TFw==",
      "license": "MIT",
      "engines": {
        "node": ">=0.4.0"
      }
    },
    "node_modules/wrappy": {
      "version": "1.0.2",
      "resolved": "https://registry.npmjs.org/wrappy/-/wrappy-1.0.2.tgz",
      "integrity": "sha512-l4Sp/DRseor9wL6EvV2+TuQn63dMkPjZ/sp9XkghTEbV9KlPS1xUsZ3u7/IQO4wxtcFB4bgpQPRcR3QCvezPcQ==",
      "license": "ISC"
    },
    "node_modules/xtend": {
      "version": "2.0.6",
      "resolved": "https://registry.npmjs.org/xtend/-/xtend-2.0.6.tgz",
      "integrity": "sha512-fOZg4ECOlrMl+A6Msr7EIFcON1L26mb4NY5rurSkOex/TWhazOrg6eXD/B0XkuiYcYhQDWLXzQxLMVJ7LXwokg==",
      "dependencies": {
        "is-object": "~0.1.2",
        "object-keys": "~0.2.0"
      },
      "engines": {
        "node": ">=0.4"
      }
    }
  }
}
